
Microsoft Visual Studio Solution File, Format Version 12.00
# Visual Studio 14
VisualStudioVersion = 14.0.25029.0
MinimumVisualStudioVersion = 10.0.40219.1
Project("{2150E333-8FDC-42A3-9474-1A3956D46DE8}") = "Xmla", "Xmla", "{692373AD-472A-4373-A61C-0C6EEDB4F118}"
	ProjectSection(SolutionItems) = preProject
		Xmla\TraceProcess.xmla = Xmla\TraceProcess.xmla
		Xmla\TraceProcessStop.xmla = Xmla\TraceProcessStop.xmla
		Xmla\TraceQuery.xmla = Xmla\TraceQuery.xmla
		Xmla\TraceQueryStop.xmla = Xmla\TraceQueryStop.xmla
	EndProjectSection
EndProject
Project("{2150E333-8FDC-42A3-9474-1A3956D46DE8}") = "Sql", "Sql", "{A448235A-E917-4262-A6F5-29B099EDBDE9}"
	ProjectSection(SolutionItems) = preProject
		Sql\Extract Event Descriptions.sql = Sql\Extract Event Descriptions.sql
		Sql\PollAndStartTraceJobs.sql = Sql\PollAndStartTraceJobs.sql
		Sql\XEvents-Process.sql = Sql\XEvents-Process.sql
		Sql\XEvents-Query.sql = Sql\XEvents-Query.sql
	EndProjectSection
EndProject
Project("{2150E333-8FDC-42A3-9474-1A3956D46DE8}") = "Excel", "Excel", "{A4A301B9-B265-4201-A722-66D8CC769F8F}"
	ProjectSection(SolutionItems) = preProject
		Excel\SsasEventsAnalyzer.xlsx = Excel\SsasEventsAnalyzer.xlsx
	EndProjectSection
EndProject
Project("{00D1A9C2-B5F0-4AF3-8072-F6C62B433612}") = "SsasEventsAnalyzerDB", "SsasEventsAnalyzerDB\SsasEventsAnalyzerDB.sqlproj", "{67DB3A10-4250-4DC5-8ED6-67B8A0AC004D}"
EndProject
Global
	GlobalSection(SolutionConfigurationPlatforms) = preSolution
		Debug|Any CPU = Debug|Any CPU
		Release|Any CPU = Release|Any CPU
	EndGlobalSection
	GlobalSection(ProjectConfigurationPlatforms) = postSolution
		{67DB3A10-4250-4DC5-8ED6-67B8A0AC004D}.Debug|Any CPU.ActiveCfg = Debug|Any CPU
		{67DB3A10-4250-4DC5-8ED6-67B8A0AC004D}.Debug|Any CPU.Build.0 = Debug|Any CPU
		{67DB3A10-4250-4DC5-8ED6-67B8A0AC004D}.Debug|Any CPU.Deploy.0 = Debug|Any CPU
		{67DB3A10-4250-4DC5-8ED6-67B8A0AC004D}.Release|Any CPU.ActiveCfg = Release|Any CPU
		{67DB3A10-4250-4DC5-8ED6-67B8A0AC004D}.Release|Any CPU.Build.0 = Release|Any CPU
		{67DB3A10-4250-4DC5-8ED6-67B8A0AC004D}.Release|Any CPU.Deploy.0 = Release|Any CPU
	EndGlobalSection
	GlobalSection(SolutionProperties) = preSolution
		HideSolutionNode = FALSE
	EndGlobalSection
EndGlobal
